
Microsoft Visual Studio Solution File, Format Version 12.00
# Visual Studio Version 17
VisualStudioVersion = 17.9.34728.123
MinimumVisualStudioVersion = 10.0.40219.1
Project("{FAE04EC0-301F-11D3-BF4B-00C04F79EFBC}") = "Exercitando 1", "Exercitando 1.csproj", "{BA4A42DF-F3A6-49C7-A985-CC9C57550D42}"
EndProject
Global
	GlobalSection(SolutionConfigurationPlatforms) = preSolution
		Debug|Any CPU = Debug|Any CPU
		Release|Any CPU = Release|Any CPU
	EndGlobalSection
	GlobalSection(ProjectConfigurationPlatforms) = postSolution
		{BA4A42DF-F3A6-49C7-A985-CC9C57550D42}.Debug|Any CPU.ActiveCfg = Debug|Any CPU
		{BA4A42DF-F3A6-49C7-A985-CC9C57550D42}.Debug|Any CPU.Build.0 = Debug|Any CPU
		{BA4A42DF-F3A6-49C7-A985-CC9C57550D42}.Release|Any CPU.ActiveCfg = Release|Any CPU
		{BA4A42DF-F3A6-49C7-A985-CC9C57550D42}.Release|Any CPU.Build.0 = Release|Any CPU
	EndGlobalSection
	GlobalSection(SolutionProperties) = preSolution
		HideSolutionNode = FALSE
	EndGlobalSection
	GlobalSection(ExtensibilityGlobals) = postSolution
		SolutionGuid = {04CCA054-84D4-465D-9A20-CEB79A71E7C0}
	EndGlobalSection
EndGlobal
