
Microsoft Visual Studio Solution File, Format Version 12.00
# Visual Studio Version 17
VisualStudioVersion = 17.9.34728.123
MinimumVisualStudioVersion = 10.0.40219.1
Project("{FAE04EC0-301F-11D3-BF4B-00C04F79EFBC}") = "Formulário.Aula3.0", "Formulário.Aula3.0.csproj", "{F5319D7A-9A9F-4845-AA16-AD86063F5E41}"
EndProject
Global
	GlobalSection(SolutionConfigurationPlatforms) = preSolution
		Debug|Any CPU = Debug|Any CPU
		Release|Any CPU = Release|Any CPU
	EndGlobalSection
	GlobalSection(ProjectConfigurationPlatforms) = postSolution
		{F5319D7A-9A9F-4845-AA16-AD86063F5E41}.Debug|Any CPU.ActiveCfg = Debug|Any CPU
		{F5319D7A-9A9F-4845-AA16-AD86063F5E41}.Debug|Any CPU.Build.0 = Debug|Any CPU
		{F5319D7A-9A9F-4845-AA16-AD86063F5E41}.Release|Any CPU.ActiveCfg = Release|Any CPU
		{F5319D7A-9A9F-4845-AA16-AD86063F5E41}.Release|Any CPU.Build.0 = Release|Any CPU
	EndGlobalSection
	GlobalSection(SolutionProperties) = preSolution
		HideSolutionNode = FALSE
	EndGlobalSection
	GlobalSection(ExtensibilityGlobals) = postSolution
		SolutionGuid = {29BFFD17-AAD1-4F32-A1BD-C3C6FD24F8AB}
	EndGlobalSection
EndGlobal
