
Microsoft Visual Studio Solution File, Format Version 12.00
# Visual Studio Version 17
VisualStudioVersion = 17.9.34728.123
MinimumVisualStudioVersion = 10.0.40219.1
Project("{FAE04EC0-301F-11D3-BF4B-00C04F79EFBC}") = "Formulário.Aula2.0", "Formulário.Aula2.0.csproj", "{EC598B9D-40CD-4C33-B8E0-11085337C75D}"
EndProject
Global
	GlobalSection(SolutionConfigurationPlatforms) = preSolution
		Debug|Any CPU = Debug|Any CPU
		Release|Any CPU = Release|Any CPU
	EndGlobalSection
	GlobalSection(ProjectConfigurationPlatforms) = postSolution
		{EC598B9D-40CD-4C33-B8E0-11085337C75D}.Debug|Any CPU.ActiveCfg = Debug|Any CPU
		{EC598B9D-40CD-4C33-B8E0-11085337C75D}.Debug|Any CPU.Build.0 = Debug|Any CPU
		{EC598B9D-40CD-4C33-B8E0-11085337C75D}.Release|Any CPU.ActiveCfg = Release|Any CPU
		{EC598B9D-40CD-4C33-B8E0-11085337C75D}.Release|Any CPU.Build.0 = Release|Any CPU
	EndGlobalSection
	GlobalSection(SolutionProperties) = preSolution
		HideSolutionNode = FALSE
	EndGlobalSection
	GlobalSection(ExtensibilityGlobals) = postSolution
		SolutionGuid = {A2CE4936-AA0E-484B-A306-ADDAE1B03432}
	EndGlobalSection
EndGlobal
