
Microsoft Visual Studio Solution File, Format Version 12.00
# Visual Studio Version 17
VisualStudioVersion = 17.9.34728.123
MinimumVisualStudioVersion = 10.0.40219.1
Project("{FAE04EC0-301F-11D3-BF4B-00C04F79EFBC}") = "API", "API.csproj", "{793FBD2F-50CB-4921-AF0F-B08472DD14C0}"
EndProject
Global
	GlobalSection(SolutionConfigurationPlatforms) = preSolution
		Debug|Any CPU = Debug|Any CPU
		Release|Any CPU = Release|Any CPU
	EndGlobalSection
	GlobalSection(ProjectConfigurationPlatforms) = postSolution
		{793FBD2F-50CB-4921-AF0F-B08472DD14C0}.Debug|Any CPU.ActiveCfg = Debug|Any CPU
		{793FBD2F-50CB-4921-AF0F-B08472DD14C0}.Debug|Any CPU.Build.0 = Debug|Any CPU
		{793FBD2F-50CB-4921-AF0F-B08472DD14C0}.Release|Any CPU.ActiveCfg = Release|Any CPU
		{793FBD2F-50CB-4921-AF0F-B08472DD14C0}.Release|Any CPU.Build.0 = Release|Any CPU
	EndGlobalSection
	GlobalSection(SolutionProperties) = preSolution
		HideSolutionNode = FALSE
	EndGlobalSection
	GlobalSection(ExtensibilityGlobals) = postSolution
		SolutionGuid = {8D977F29-1B8F-4DD9-9D91-5DD702A28B68}
	EndGlobalSection
EndGlobal
